
Microsoft Visual Studio Solution File, Format Version 12.00
# Visual Studio Version 16
VisualStudioVersion = 16.0.30503.244
MinimumVisualStudioVersion = 10.0.40219.1
Project("{FAE04EC0-301F-11D3-BF4B-00C04F79EFBC}") = "Zen.InputTests", "InputTests\Zen.InputTests.csproj", "{80B03D44-B5E3-4C2B-895E-3D194D10C13F}"
EndProject
Project("{FAE04EC0-301F-11D3-BF4B-00C04F79EFBC}") = "Zen.Input", "Input\Zen.Input.csproj", "{D84142FC-80F3-45E3-B0D2-A0CC31EB4294}"
EndProject
Global
	GlobalSection(SolutionConfigurationPlatforms) = preSolution
		Debug|Any CPU = Debug|Any CPU
		Release|Any CPU = Release|Any CPU
	EndGlobalSection
	GlobalSection(ProjectConfigurationPlatforms) = postSolution
		{80B03D44-B5E3-4C2B-895E-3D194D10C13F}.Debug|Any CPU.ActiveCfg = Debug|Any CPU
		{80B03D44-B5E3-4C2B-895E-3D194D10C13F}.Debug|Any CPU.Build.0 = Debug|Any CPU
		{80B03D44-B5E3-4C2B-895E-3D194D10C13F}.Release|Any CPU.ActiveCfg = Release|Any CPU
		{80B03D44-B5E3-4C2B-895E-3D194D10C13F}.Release|Any CPU.Build.0 = Release|Any CPU
		{D84142FC-80F3-45E3-B0D2-A0CC31EB4294}.Debug|Any CPU.ActiveCfg = Debug|Any CPU
		{D84142FC-80F3-45E3-B0D2-A0CC31EB4294}.Debug|Any CPU.Build.0 = Debug|Any CPU
		{D84142FC-80F3-45E3-B0D2-A0CC31EB4294}.Release|Any CPU.ActiveCfg = Release|Any CPU
		{D84142FC-80F3-45E3-B0D2-A0CC31EB4294}.Release|Any CPU.Build.0 = Release|Any CPU
	EndGlobalSection
	GlobalSection(SolutionProperties) = preSolution
		HideSolutionNode = FALSE
	EndGlobalSection
	GlobalSection(ExtensibilityGlobals) = postSolution
		SolutionGuid = {73DB0AF3-9F23-450A-9DDF-48DDD662D2B4}
	EndGlobalSection
EndGlobal
